
Microsoft Visual Studio Solution File, Format Version 12.00
# Visual Studio Version 17
VisualStudioVersion = 17.12.35521.163
MinimumVisualStudioVersion = 10.0.40219.1
Project("{9A19103F-16F7-4668-BE54-9A1E7A4F7556}") = "AppDiyet.Core", "AppDiyet.Core\AppDiyet.Core.csproj", "{3849CCD4-158E-47A1-ACEC-C540C4435A4C}"
EndProject
Project("{9A19103F-16F7-4668-BE54-9A1E7A4F7556}") = "AppDiyet.Repo", "AppDiyet.Repo\AppDiyet.Repo.csproj", "{C2AE707F-11FD-475B-98FD-B4F90B1AB0FC}"
EndProject
Project("{9A19103F-16F7-4668-BE54-9A1E7A4F7556}") = "AppDiyet.Service", "AppDiyet.Service\AppDiyet.Service.csproj", "{10DF7835-4B24-4FEF-BBC0-660FD465695F}"
EndProject
Project("{FAE04EC0-301F-11D3-BF4B-00C04F79EFBC}") = "AppDiyet.UI", "AppDiyet.UI\AppDiyet.UI.csproj", "{42FCF811-2BD1-47F6-A30E-1C41B5F1DBF6}"
EndProject
Global
	GlobalSection(SolutionConfigurationPlatforms) = preSolution
		Debug|Any CPU = Debug|Any CPU
		Release|Any CPU = Release|Any CPU
	EndGlobalSection
	GlobalSection(ProjectConfigurationPlatforms) = postSolution
		{3849CCD4-158E-47A1-ACEC-C540C4435A4C}.Debug|Any CPU.ActiveCfg = Debug|Any CPU
		{3849CCD4-158E-47A1-ACEC-C540C4435A4C}.Debug|Any CPU.Build.0 = Debug|Any CPU
		{3849CCD4-158E-47A1-ACEC-C540C4435A4C}.Release|Any CPU.ActiveCfg = Release|Any CPU
		{3849CCD4-158E-47A1-ACEC-C540C4435A4C}.Release|Any CPU.Build.0 = Release|Any CPU
		{C2AE707F-11FD-475B-98FD-B4F90B1AB0FC}.Debug|Any CPU.ActiveCfg = Debug|Any CPU
		{C2AE707F-11FD-475B-98FD-B4F90B1AB0FC}.Debug|Any CPU.Build.0 = Debug|Any CPU
		{C2AE707F-11FD-475B-98FD-B4F90B1AB0FC}.Release|Any CPU.ActiveCfg = Release|Any CPU
		{C2AE707F-11FD-475B-98FD-B4F90B1AB0FC}.Release|Any CPU.Build.0 = Release|Any CPU
		{10DF7835-4B24-4FEF-BBC0-660FD465695F}.Debug|Any CPU.ActiveCfg = Debug|Any CPU
		{10DF7835-4B24-4FEF-BBC0-660FD465695F}.Debug|Any CPU.Build.0 = Debug|Any CPU
		{10DF7835-4B24-4FEF-BBC0-660FD465695F}.Release|Any CPU.ActiveCfg = Release|Any CPU
		{10DF7835-4B24-4FEF-BBC0-660FD465695F}.Release|Any CPU.Build.0 = Release|Any CPU
		{42FCF811-2BD1-47F6-A30E-1C41B5F1DBF6}.Debug|Any CPU.ActiveCfg = Debug|Any CPU
		{42FCF811-2BD1-47F6-A30E-1C41B5F1DBF6}.Debug|Any CPU.Build.0 = Debug|Any CPU
		{42FCF811-2BD1-47F6-A30E-1C41B5F1DBF6}.Release|Any CPU.ActiveCfg = Release|Any CPU
		{42FCF811-2BD1-47F6-A30E-1C41B5F1DBF6}.Release|Any CPU.Build.0 = Release|Any CPU
	EndGlobalSection
	GlobalSection(SolutionProperties) = preSolution
		HideSolutionNode = FALSE
	EndGlobalSection
	GlobalSection(ExtensibilityGlobals) = postSolution
		SolutionGuid = {CCC47EDE-902D-4392-8950-82BAEEDF0955}
	EndGlobalSection
EndGlobal
